{
  "name": "mapog-msms-api",
  "version": "1.0.0",
  "lockfileVersion": 3,
  "requires": true,
  "packages": {
    "": {
      "name": "mapog-msms-api",
      "version": "1.0.0",
      "dependencies": {
        "bcryptjs": "^2.4.3",
        "cors": "^2.8.5",
        "dotenv": "^16.0.3",
        "express": "^5.1.0",
        "jsonwebtoken": "^9.0.0",
        "mongoose": "^8.0.2",
        "morgan": "^1.10.0"
      },
      "devDependencies": {
        "nodemon": "^3.0.1"
      }
    },
    "node_modules/@mongodb-js/saslprep": {
      "version": "1.3.0",
      "resolved": "https://registry.npmjs.org/@mongodb-js/saslprep/-/saslprep-1.3.0.tgz",
      "integrity": "sha512-zlayKCsIjYb7/IdfqxorK5+xUMyi4vOKcFy10wKJYc63NSdKI8mNME+uJqfatkPmOSMMUiojrL58IePKBm3gvQ==",
      "license": "MIT",
      "dependencies": {
        "sparse-bitfield": "^3.0.3"
      }
    },
