{
  "name": "mapog-msms-api",
  "version": "1.0.0",
  "lockfileVersion": 3,
  "requires": true,
  "packages": {
    "": {
      "name": "mapog-msms-api",
      "version": "1.0.0",
      "dependencies": {
        "bcryptjs": "^2.4.3",
        "cors": "^2.8.5",
        "dotenv": "^16.3.1",
        "express": "^4.19.2",
        "jsonwebtoken": "^9.0.2",
        "mongoose": "^7.6.0",
        "morgan": "^1.10.0",
        "nodemon": "^3.0.1"
      },
      "engines": {
        "node": ">=22.0.0"
      }
    },
    "node_modules/bcryptjs": {
      "version": "2.4.3",
      "resolved": "https://registry.npmjs.org/bcryptjs/-/bcryptjs-2.4.3.tgz",
      "integrity": "sha512-NrGh9QkXQwOoPHeg2T3ghc5q6i5rz33BgOhs1Zu6MZ2Z8kmRHuE2v/dc6D8rX5hGc+zF5SC2lW6BIEylTPHweg=="
    },
    "node_modules/cors": {
      "version": "2.8.5",
      "resolved": "https://registry.npmjs.org/cors/-/cors-2.8.5.tgz",
      "integrity": "sha512-pF8jHq3cp3QzAZg3MPmfdA9/y0LZ0gEj4I8K8TqL3G5WmX/TeIL0tRC6AKDn/vMtw4cRJ7ES1uTh+ciZqqnuyw=="
    },
    "node_modules/dotenv": {
      "version": "16.3.1",
      "resolved": "https://registry.npmjs.org/dotenv/-/dotenv-16.3.1.tgz",
      "integrity": "sha512-+y2zRT0tRo+JzzNm9aYqzRokV2/3RCYYp3HUVNaLe6eoVXvIfA5AZS9yy2IuAwMIwJxQAl/jZs6JpAb+UzrKuw=="
    },
    "node_modules/express": {
      "version": "4.19.2",
      "resolved": "https://registry.npmjs.org/express/-/express-4.19.2.tgz",
      "integrity": "sha512-PTpOcx8Y3xkvCKKKOfZ1U/dOnnt4CktxuAc39b2S4lM8EPRLDOVVLz3XcX3e3uqnCv8UvCjX5Pf4kJUTi2dRpw=="
    },
    "node_modules/jsonwebtoken": {
      "version": "9.0.2",
      "resolved": "https://registry.npmjs.org/jsonwebtoken/-/jsonwebtoken-9.0.2.tgz",
      "integrity": "sha512-vVfNGf0U7/ldGaXL44klFkF1boTx9ChqP0U8fWZprPGCJ1JDJgcdAFZ75q10jc5+jD6iYkmtLZn4mDKmrybN9Q=="
    },
    "node_modules/mongoose": {
      "version": "7.6.0",
      "resolved": "https://registry.npmjs.org/mongoose/-/mongoose-7.6.0.tgz",
      "integrity": "sha512-DbQZ8rduGnpxInMzYZa8DD7ZT+Fn1Aa1hL7uK6Cq/Nmqu40DQpZ5z5+TTdpg3nZsHxqP+7GfZMi+f0AcszAqxQ=="
    },
    "node_modules/morgan": {
      "version": "1.10.0",
      "resolved": "https://registry.npmjs.org/morgan/-/morgan-1.10.0.tgz",
      "integrity": "sha512-fAM3Nnb4W2CWfP0bgXl3UqJSPXZnHXAdh9TWUSmn+WT8hYRCtL56W9UdujoX65aXYXgdsbLehlgReZFNMoXWfg=="
    },
    "node_modules/nodemon": {
      "version": "3.0.1",
      "resolved": "https://registry.npmjs.org/nodemon/-/nodemon-3.0.1.tgz",
      "integrity": "sha512-1okLnNzC5G5F7tCp1qOQqQ0Szgl5b/OujRbNjp67RltOdkQh28LntfN5OQ2f7Zt1XYMwRMx/FD4D3yhojV7D8Q=="
    }
  }
}
