{
  "name": "mapog-msms-api",
  "version": "1.0.0",
  "lockfileVersion": 3,
  "requires": true,
  "packages": {
    "": {
      "name": "mapog-msms-api",
      "version": "1.0.0",
      "license": "MIT",
      "dependencies": {
        "axios": "^1.6.5",
        "bcryptjs": "^2.4.3",
        "cors": "^2.8.5",
        "dotenv": "^16.3.1",
        "express": "^5.1.0",
        "jsonwebtoken": "^9.0.2",
        "mongoose": "^8.3.2",
        "morgan": "^1.10.0",
        "nodemailer": "^6.9.7"
      }
    },
    "node_modules/axios": {
      "version": "1.6.5",
      "resolved": "https://registry.npmjs.org/axios/-/axios-1.6.5.tgz",
      "integrity": "sha512-MVYaViDODW6tRJlR4g8pGu0eWPNFY0gHApL3J7wSCqtkzZkS5PN/PrRwl3oz3KuQawh6YIfR+4A/OrJ6MJJkNQ=="
    },
    "node_modules/bcryptjs": {
      "version": "2.4.3",
      "resolved": "https://registry.npmjs.org/bcryptjs/-/bcryptjs-2.4.3.tgz",
      "integrity": "sha512-NzUOHb7rPnwhvH2D2PjAemXqk8Q4iGB3mY+x7Zp0r6c8bMLW8Kf09Mf1wHDFSkFXywP+v6Z9iW3NXFkSpajPXA=="
    },
    "node_modules/cors": {
      "version": "2.8.5",
      "resolved": "https://registry.npmjs.org/cors/-/cors-2.8.5.tgz",
      "integrity": "sha512-nlNwecEko8qlvGuF3lVbNdyX/2FzAv9hIG4dZKZzU8dJBo4BdR3MyMO3QPeI2P3Y8hX+I7DJ+3pIXB/0MZFB1A=="
    },
    "node_modules/dotenv": {
      "version": "16.3.1",
      "resolved": "https://registry.npmjs.org/dotenv/-/dotenv-16.3.1.tgz",
      "integrity": "sha512-yfKM1gGNHFfy24mc5vzyMdMI/LEj64d+Pl4BdzX10ZOD6RS4xyOAmBIdCq7bHkIbkEtJSZ4QXQ+rWByQMrJJpQ=="
    },
    "node_modules/express": {
      "version": "5.1.0",
      "resolved": "https://registry.npmjs.org/express/-/express-4.19.2.tgz",
      "integrity": "sha512-MhQL5mS2aORGEY3uGeqRlzP++B9QLR8vHrHTuEKI7hN4mgh4mr4SuQijQUA1fGQQXK6k4hw5qGk+Ht8xFRXhHg=="
    },
    "node_modules/jsonwebtoken": {
      "version": "9.0.2",
      "resolved": "https://registry.npmjs.org/jsonwebtoken/-/jsonwebtoken-9.0.2.tgz",
      "integrity": "sha512-WMJ8gAa8P7Eu6DEqkPIrL27Bq9R46uARf5YWNPiD8tH5Up3BfpgZUZnF4xx2W7JZMDaLf0wDwtlJGu8/ke2g4A=="
    },
    "node_modules/mongoose": {
      "version": "8.3.2",
      "resolved": "https://registry.npmjs.org/mongoose/-/mongoose-8.3.2.tgz",
      "integrity": "sha512-4vFDbkNK//VoH3SE26E7CDoaMiXCE+n9kky8Wy61vdtcwabGMxWHTUvEuvx9DFTir5FKN3ErR9w5yDlyFwKbtQ=="
    },
    "node_modules/morgan": {
      "version": "1.10.0",
      "resolved": "https://registry.npmjs.org/morgan/-/morgan-1.10.0.tgz",
      "integrity": "sha512-K1vX7PZbdv0u6+eB4XZID9BLrFZaZCv7pVGsQD1c1Oyoz+J5kL5sKt4mtF5mWlM7M4ksPQd++6F07Nli6pUd0w=="
    },
    "node_modules/nodemailer": {
      "version": "6.9.7",
      "resolved": "https://registry.npmjs.org/nodemailer/-/nodemailer-6.9.7.tgz",
      "integrity": "sha512-W49dNV7vOw3OvGbSy7uZ1qZAf9mlO0/8xqzIF9/Xd8F+tTrrjMnF15PxFgKSlUja4qiPNrH/dmLS8+3HRry9Kg=="
    }
  },
  "dependencies": {
    "axios": {
      "version": "1.6.5",
      "resolved": "https://registry.npmjs.org/axios/-/axios-1.6.5.tgz",
      "integrity": "sha512-MVYaViDODW6tRJlR4g8pGu0eWPNFY0gHApL3J7wSCqtkzZkS5PN/PrRwl3oz3KuQawh6YIfR+4A/OrJ6MJJkNQ=="
    },
    "bcryptjs": {
      "version": "2.4.3",
      "resolved": "https://registry.npmjs.org/bcryptjs/-/bcryptjs-2.4.3.tgz",
      "integrity": "sha512-NzUOHb7rPnwhvH2D2PjAemXqk8Q4iGB3mY+x7Zp0r6c8bMLW8Kf09Mf1wHDFSkFXywP+v6Z9iW3NXFkSpajPXA=="
    },
    "cors": {
      "version": "2.8.5",
      "resolved": "https://registry.npmjs.org/cors/-/cors-2.8.5.tgz",
      "integrity": "sha512-nlNwecEko8qlvGuF3lVbNdyX/2FzAv9hIG4dZKZzU8dJBo4BdR3MyMO3QPeI2P3Y8hX+I7DJ+3pIXB/0MZFB1A=="
    },
    "dotenv": {
      "version": "16.3.1",
      "resolved": "https://registry.npmjs.org/dotenv/-/dotenv-16.3.1.tgz",
      "integrity": "sha512-yfKM1gGNHFfy24mc5vzyMdMI/LEj64d+Pl4BdzX10ZOD6RS4xyOAmBIdCq7bHkIbkEtJSZ4QXQ+rWByQMrJJpQ=="
    },
    "express": {
      "version": "4.19.2",
      "resolved": "https://registry.npmjs.org/express/-/express-4.19.2.tgz",
      "integrity": "sha512-MhQL5mS2aORGEY3uGeqRlzP++B9QLR8vHrHTuEKI7hN4mgh4mr4SuQijQUA1fGQQXK6k4hw5qGk+Ht8xFRXhHg=="
    },
    "jsonwebtoken": {
      "version": "9.0.2",
      "resolved": "https://registry.npmjs.org/jsonwebtoken/-/jsonwebtoken-9.0.2.tgz",
      "integrity": "sha512-WMJ8gAa8P7Eu6DEqkPIrL27Bq9R46uARf5YWNPiD8tH5Up3BfpgZUZnF4xx2W7JZMDaLf0wDwtlJGu8/ke2g4A=="
    },
    "mongoose": {
      "version": "8.3.2",
      "resolved": "https://registry.npmjs.org/mongoose/-/mongoose-8.3.2.tgz",
      "integrity": "sha512-4vFDbkNK//VoH3SE26E7CDoaMiXCE+n9kky8Wy61vdtcwabGMxWHTUvEuvx9DFTir5FKN3ErR9w5yDlyFwKbtQ=="
    },
    "morgan": {
      "version": "1.10.0",
      "resolved": "https://registry.npmjs.org/morgan/-/morgan-1.10.0.tgz",
      "integrity": "sha512-K1vX7PZbdv0u6+eB4XZID9BLrFZaZCv7pVGsQD1c1Oyoz+J5kL5sKt4mtF5mWlM7M4ksPQd++6F07Nli6pUd0w=="
    },
    "nodemailer": {
      "version": "6.9.7",
      "resolved": "https://registry.npmjs.org/nodemailer/-/nodemailer-6.9.7.tgz",
      "integrity": "sha512-W49dNV7vOw3OvGbSy7uZ1qZAf9mlO0/8xqzIF9/Xd8F+tTrrjMnF15PxFgKSlUja4qiPNrH/dmLS8+3HRry9Kg=="
    }
  }
}
